lockfileVersion: '6.0'

settings:
  autoInstallPeers: true
  excludeLinksFromLockfile: false

importers:

  .: {}

  projects/a:
    dependencies:
      is-string:
        specifier: ^1.0.0
        version: 1.0.0

  projects/b:
    dependencies:
      is-string:
        specifier: 1.0.0
        version: 1.0.0

packages:

  /is-string@1.0.0:
    resolution: {integrity: sha512-6SIfYVTmaaKLrmsqZy7kW7MLcGCbAJyS0i6jBWKq1iyTJoQDPT//Es3piZf0sjkmT1zuijDbUeXCLWOsXoKiSA==}
    engines: {node: '>= 0.4'}
    dev: false
